
Microsoft Visual Studio Solution File, Format Version 12.00
# Visual Studio Version 16
VisualStudioVersion = 16.0.31424.327
MinimumVisualStudioVersion = 10.0.40219.1
Project("{8BC9CEB8-8B4A-11D0-8D11-00A0C91BC942}") = "WinApp", "WinApp.vcxproj", "{3E367C14-227A-4633-9060-3D0207B2A04A}"
EndProject
Global
	GlobalSection(SolutionConfigurationPlatforms) = preSolution
		Debug|x64 = Debug|x64
		Debug|x86 = Debug|x86
		Release|x64 = Release|x64
		Release|x86 = Release|x86
	EndGlobalSection
	GlobalSection(ProjectConfigurationPlatforms) = postSolution
		{3E367C14-227A-4633-9060-3D0207B2A04A}.Debug|x64.ActiveCfg = Debug|x64
		{3E367C14-227A-4633-9060-3D0207B2A04A}.Debug|x64.Build.0 = Debug|x64
		{3E367C14-227A-4633-9060-3D0207B2A04A}.Debug|x86.ActiveCfg = Debug|Win32
		{3E367C14-227A-4633-9060-3D0207B2A04A}.Debug|x86.Build.0 = Debug|Win32
		{3E367C14-227A-4633-9060-3D0207B2A04A}.Release|x64.ActiveCfg = Release|x64
		{3E367C14-227A-4633-9060-3D0207B2A04A}.Release|x64.Build.0 = Release|x64
		{3E367C14-227A-4633-9060-3D0207B2A04A}.Release|x86.ActiveCfg = Release|Win32
		{3E367C14-227A-4633-9060-3D0207B2A04A}.Release|x86.Build.0 = Release|Win32
	EndGlobalSection
	GlobalSection(SolutionProperties) = preSolution
		HideSolutionNode = FALSE
	EndGlobalSection
	GlobalSection(ExtensibilityGlobals) = postSolution
		SolutionGuid = {DAE1D95C-B668-4F1B-99A4-7705219E1DF7}
	EndGlobalSection
EndGlobal
